
Microsoft Visual Studio Solution File, Format Version 12.00
# Visual Studio Version 17
VisualStudioVersion = 17.9.34728.123
MinimumVisualStudioVersion = 10.0.40219.1
Project("{9A19103F-16F7-4668-BE54-9A1E7A4F7556}") = "内网穿透辅助工具", "内网穿透辅助工具.csproj", "{79077E1B-DC36-470A-B29A-32F75D823242}"
EndProject
Project("{FAE04EC0-301F-11D3-BF4B-00C04F79EFBC}") = "FRPAutoCheckService", "..\FRPAutoCheckService\FRPAutoCheckService.csproj", "{75D8C84D-A81E-49FE-9BB9-BFE4D64437CF}"
EndProject
Global
	GlobalSection(SolutionConfigurationPlatforms) = preSolution
		Debug|Any CPU = Debug|Any CPU
		Release|Any CPU = Release|Any CPU
	EndGlobalSection
	GlobalSection(ProjectConfigurationPlatforms) = postSolution
		{79077E1B-DC36-470A-B29A-32F75D823242}.Debug|Any CPU.ActiveCfg = Debug|Any CPU
		{79077E1B-DC36-470A-B29A-32F75D823242}.Debug|Any CPU.Build.0 = Debug|Any CPU
		{79077E1B-DC36-470A-B29A-32F75D823242}.Release|Any CPU.ActiveCfg = Release|Any CPU
		{79077E1B-DC36-470A-B29A-32F75D823242}.Release|Any CPU.Build.0 = Release|Any CPU
		{75D8C84D-A81E-49FE-9BB9-BFE4D64437CF}.Debug|Any CPU.ActiveCfg = Debug|Any CPU
		{75D8C84D-A81E-49FE-9BB9-BFE4D64437CF}.Debug|Any CPU.Build.0 = Debug|Any CPU
		{75D8C84D-A81E-49FE-9BB9-BFE4D64437CF}.Release|Any CPU.ActiveCfg = Release|Any CPU
		{75D8C84D-A81E-49FE-9BB9-BFE4D64437CF}.Release|Any CPU.Build.0 = Release|Any CPU
	EndGlobalSection
	GlobalSection(SolutionProperties) = preSolution
		HideSolutionNode = FALSE
	EndGlobalSection
	GlobalSection(ExtensibilityGlobals) = postSolution
		SolutionGuid = {01F03E60-DC5C-480D-B4C8-5B3E7C23116A}
	EndGlobalSection
EndGlobal
